<Solution>
  <Project Path="RigMD.Agent/RigMD.Agent.csproj" />
  <Project Path="RigMD.Api/RigMD.Api.csproj" />
  <Project Path="RigMD.Application/RigMD.Application.csproj" />
  <Project Path="RigMD.Domain/RigMD.Domain.csproj" />
  <Project Path="RigMD.Infrastructure/RigMD.Infrastructure.csproj" />
  <Project Path="RigMD.Tests/RigMD.Tests.csproj" />
  <Project Path="RigMD.Desktop/RigMD.Desktop.csproj" />
</Solution>
